// !$*UTF8*$!
{
	archiveVersion = 1;
	classes = {
	};
	objectVersion = 55;
	objects = {

/* Begin PBXBuildFile section */
		2843602629C6FC6C0036517D /* Arcam_iOSApp.swift in Sources */ = {isa = PBXBuildFile; fileRef = 2843602529C6FC6C0036517D /* Arcam_iOSApp.swift */; };
		2843602829C6FC6C0036517D /* ContentView.swift in Sources */ = {isa = PBXBuildFile; fileRef = 2843602729C6FC6C0036517D /* ContentView.swift */; };
		2843602A29C6FC6D0036517D /* Assets.xcassets in Resources */ = {isa = PBXBuildFile; fileRef = 2843602929C6FC6D0036517D /* Assets.xcassets */; };
		2843602D29C6FC6D0036517D /* Preview Assets.xcassets in Resources */ = {isa = PBXBuildFile; fileRef = 2843602C29C6FC6D0036517D /* Preview Assets.xcassets */; };
		2843603429C6FC930036517D /* Arcam.swift in Sources */ = {isa = PBXBuildFile; fileRef = 28ED7E28278EE89600700E9C /* Arcam.swift */; };
		2843603629C6FCFE0036517D /* WebSocketController.swift in Sources */ = {isa = PBXBuildFile; fileRef = 28A8F431278F41060039A1AD /* WebSocketController.swift */; };
		284A4FA2279083A8002D4BA0 /* ConvertHexCodeView.swift in Sources */ = {isa = PBXBuildFile; fileRef = 284A4FA1279083A8002D4BA0 /* ConvertHexCodeView.swift */; };
		284BF0E1279081BA0080B6B9 /* MenuCommands.swift in Sources */ = {isa = PBXBuildFile; fileRef = 284BF0E0279081BA0080B6B9 /* MenuCommands.swift */; };
		2863FD772799CC5200A0489A /* RoomEqView.swift in Sources */ = {isa = PBXBuildFile; fileRef = 2863FD762799CC5200A0489A /* RoomEqView.swift */; };
		28A8F432278F41060039A1AD /* WebSocketController.swift in Sources */ = {isa = PBXBuildFile; fileRef = 28A8F431278F41060039A1AD /* WebSocketController.swift */; };
		28ED7E18278EE85A00700E9C /* ArcamApp.swift in Sources */ = {isa = PBXBuildFile; fileRef = 28ED7E17278EE85A00700E9C /* ArcamApp.swift */; };
		28ED7E1A278EE85A00700E9C /* ContentView.swift in Sources */ = {isa = PBXBuildFile; fileRef = 28ED7E19278EE85A00700E9C /* ContentView.swift */; };
		28ED7E1C278EE85A00700E9C /* Assets.xcassets in Resources */ = {isa = PBXBuildFile; fileRef = 28ED7E1B278EE85A00700E9C /* Assets.xcassets */; };
		28ED7E1F278EE85A00700E9C /* Preview Assets.xcassets in Resources */ = {isa = PBXBuildFile; fileRef = 28ED7E1E278EE85A00700E9C /* Preview Assets.xcassets */; };
		28ED7E29278EE89600700E9C /* Arcam.swift in Sources */ = {isa = PBXBuildFile; fileRef = 28ED7E28278EE89600700E9C /* Arcam.swift */; };
		28ED7E2B278EFFDF00700E9C /* SettingView.swift in Sources */ = {isa = PBXBuildFile; fileRef = 28ED7E2A278EFFDF00700E9C /* SettingView.swift */; };
/* End PBXBuildFile section */

/* Begin PBXFileReference section */
		2843602329C6FC6C0036517D /* Arcam iOS.app */ = {isa = PBXFileReference; explicitFileType = wrapper.application; includeInIndex = 0; path = "Arcam iOS.app"; sourceTree = BUILT_PRODUCTS_DIR; };
		2843602529C6FC6C0036517D /* Arcam_iOSApp.swift */ = {isa = PBXFileReference; lastKnownFileType = sourcecode.swift; path = Arcam_iOSApp.swift; sourceTree = "<group>"; };
		2843602729C6FC6C0036517D /* ContentView.swift */ = {isa = PBXFileReference; lastKnownFileType = sourcecode.swift; path = ContentView.swift; sourceTree = "<group>"; };
		2843602929C6FC6D0036517D /* Assets.xcassets */ = {isa = PBXFileReference; lastKnownFileType = folder.assetcatalog; path = Assets.xcassets; sourceTree = "<group>"; };
		2843602C29C6FC6D0036517D /* Preview Assets.xcassets */ = {isa = PBXFileReference; lastKnownFileType = folder.assetcatalog; path = "Preview Assets.xcassets"; sourceTree = "<group>"; };
		2843603729C6FEC20036517D /* Arcam-iOS-Info.plist */ = {isa = PBXFileReference; lastKnownFileType = text.plist; path = "Arcam-iOS-Info.plist"; sourceTree = SOURCE_ROOT; };
		284A4FA1279083A8002D4BA0 /* ConvertHexCodeView.swift */ = {isa = PBXFileReference; lastKnownFileType = sourcecode.swift; path = ConvertHexCodeView.swift; sourceTree = "<group>"; };
		284BF0E0279081BA0080B6B9 /* MenuCommands.swift */ = {isa = PBXFileReference; lastKnownFileType = sourcecode.swift; path = MenuCommands.swift; sourceTree = "<group>"; };
		2863FD762799CC5200A0489A /* RoomEqView.swift */ = {isa = PBXFileReference; lastKnownFileType = sourcecode.swift; path = RoomEqView.swift; sourceTree = "<group>"; };
		28A8F431278F41060039A1AD /* WebSocketController.swift */ = {isa = PBXFileReference; lastKnownFileType = sourcecode.swift; path = WebSocketController.swift; sourceTree = "<group>"; };
		28A8F433278F4DFB0039A1AD /* Info.plist */ = {isa = PBXFileReference; lastKnownFileType = text.plist; path = Info.plist; sourceTree = "<group>"; };
		28ED7E14278EE85A00700E9C /* Arcam.app */ = {isa = PBXFileReference; explicitFileType = wrapper.application; includeInIndex = 0; path = Arcam.app; sourceTree = BUILT_PRODUCTS_DIR; };
		28ED7E17278EE85A00700E9C /* ArcamApp.swift */ = {isa = PBXFileReference; lastKnownFileType = sourcecode.swift; path = ArcamApp.swift; sourceTree = "<group>"; };
		28ED7E19278EE85A00700E9C /* ContentView.swift */ = {isa = PBXFileReference; lastKnownFileType = sourcecode.swift; path = ContentView.swift; sourceTree = "<group>"; };
		28ED7E1B278EE85A00700E9C /* Assets.xcassets */ = {isa = PBXFileReference; lastKnownFileType = folder.assetcatalog; path = Assets.xcassets; sourceTree = "<group>"; };
		28ED7E1E278EE85A00700E9C /* Preview Assets.xcassets */ = {isa = PBXFileReference; lastKnownFileType = folder.assetcatalog; path = "Preview Assets.xcassets"; sourceTree = "<group>"; };
		28ED7E20278EE85A00700E9C /* Arcam.entitlements */ = {isa = PBXFileReference; lastKnownFileType = text.plist.entitlements; path = Arcam.entitlements; sourceTree = "<group>"; };
		28ED7E28278EE89600700E9C /* Arcam.swift */ = {isa = PBXFileReference; lastKnownFileType = sourcecode.swift; path = Arcam.swift; sourceTree = "<group>"; };
		28ED7E2A278EFFDF00700E9C /* SettingView.swift */ = {isa = PBXFileReference; lastKnownFileType = sourcecode.swift; path = SettingView.swift; sourceTree = "<group>"; };
/* End PBXFileReference section */

/* Begin PBXFrameworksBuildPhase section */
		2843602029C6FC6C0036517D /* Frameworks */ = {
			isa = PBXFrameworksBuildPhase;
			buildActionMask = 2147483647;
			files = (
			);
			runOnlyForDeploymentPostprocessing = 0;
		};
		28ED7E11278EE85A00700E9C /* Frameworks */ = {
			isa = PBXFrameworksBuildPhase;
			buildActionMask = 2147483647;
			files = (
			);
			runOnlyForDeploymentPostprocessing = 0;
		};
/* End PBXFrameworksBuildPhase section */

/* Begin PBXGroup section */
		2843602429C6FC6C0036517D /* Arcam iOS */ = {
			isa = PBXGroup;
			children = (
				2843603729C6FEC20036517D /* Arcam-iOS-Info.plist */,
				2843602529C6FC6C0036517D /* Arcam_iOSApp.swift */,
				2843602729C6FC6C0036517D /* ContentView.swift */,
				2843602929C6FC6D0036517D /* Assets.xcassets */,
				2843602B29C6FC6D0036517D /* Preview Content */,
			);
			path = "Arcam iOS";
			sourceTree = "<group>";
		};
		2843602B29C6FC6D0036517D /* Preview Content */ = {
			isa = PBXGroup;
			children = (
				2843602C29C6FC6D0036517D /* Preview Assets.xcassets */,
			);
			path = "Preview Content";
			sourceTree = "<group>";
		};
		284A4FA0279082E9002D4BA0 /* Menu */ = {
			isa = PBXGroup;
			children = (
				284BF0E0279081BA0080B6B9 /* MenuCommands.swift */,
				284A4FA1279083A8002D4BA0 /* ConvertHexCodeView.swift */,
			);
			path = Menu;
			sourceTree = "<group>";
		};
		2863FD752799CC2A00A0489A /* Views */ = {
			isa = PBXGroup;
			children = (
				28ED7E19278EE85A00700E9C /* ContentView.swift */,
				2863FD762799CC5200A0489A /* RoomEqView.swift */,
			);
			path = Views;
			sourceTree = "<group>";
		};
		28A8F430278F40F30039A1AD /* Controller */ = {
			isa = PBXGroup;
			children = (
				28A8F431278F41060039A1AD /* WebSocketController.swift */,
			);
			path = Controller;
			sourceTree = "<group>";
		};
		28ED7E0B278EE85A00700E9C = {
			isa = PBXGroup;
			children = (
				28ED7E16278EE85A00700E9C /* Arcam */,
				2843602429C6FC6C0036517D /* Arcam iOS */,
				28ED7E15278EE85A00700E9C /* Products */,
			);
			sourceTree = "<group>";
		};
		28ED7E15278EE85A00700E9C /* Products */ = {
			isa = PBXGroup;
			children = (
				28ED7E14278EE85A00700E9C /* Arcam.app */,
				2843602329C6FC6C0036517D /* Arcam iOS.app */,
			);
			name = Products;
			sourceTree = "<group>";
		};
		28ED7E16278EE85A00700E9C /* Arcam */ = {
			isa = PBXGroup;
			children = (
				28A8F433278F4DFB0039A1AD /* Info.plist */,
				2863FD752799CC2A00A0489A /* Views */,
				28A8F430278F40F30039A1AD /* Controller */,
				28ED7E27278EE88200700E9C /* Models */,
				28ED7E26278EE87A00700E9C /* App */,
				284A4FA0279082E9002D4BA0 /* Menu */,
				28ED7E2A278EFFDF00700E9C /* SettingView.swift */,
				28ED7E1B278EE85A00700E9C /* Assets.xcassets */,
				28ED7E20278EE85A00700E9C /* Arcam.entitlements */,
				28ED7E1D278EE85A00700E9C /* Preview Content */,
			);
			path = Arcam;
			sourceTree = "<group>";
		};
		28ED7E1D278EE85A00700E9C /* Preview Content */ = {
			isa = PBXGroup;
			children = (
				28ED7E1E278EE85A00700E9C /* Preview Assets.xcassets */,
			);
			path = "Preview Content";
			sourceTree = "<group>";
		};
		28ED7E26278EE87A00700E9C /* App */ = {
			isa = PBXGroup;
			children = (
				28ED7E17278EE85A00700E9C /* ArcamApp.swift */,
			);
			path = App;
			sourceTree = "<group>";
		};
		28ED7E27278EE88200700E9C /* Models */ = {
			isa = PBXGroup;
			children = (
				28ED7E28278EE89600700E9C /* Arcam.swift */,
			);
			path = Models;
			sourceTree = "<group>";
		};
/* End PBXGroup section */

/* Begin PBXNativeTarget section */
		2843602229C6FC6C0036517D /* Arcam iOS */ = {
			isa = PBXNativeTarget;
			buildConfigurationList = 2843603029C6FC6D0036517D /* Build configuration list for PBXNativeTarget "Arcam iOS" */;
			buildPhases = (
				2843601F29C6FC6C0036517D /* Sources */,
				2843602029C6FC6C0036517D /* Frameworks */,
				2843602129C6FC6C0036517D /* Resources */,
			);
			buildRules = (
			);
			dependencies = (
			);
			name = "Arcam iOS";
			productName = "Arcam iOS";
			productReference = 2843602329C6FC6C0036517D /* Arcam iOS.app */;
			productType = "com.apple.product-type.application";
		};
		28ED7E13278EE85A00700E9C /* Arcam */ = {
			isa = PBXNativeTarget;
			buildConfigurationList = 28ED7E23278EE85A00700E9C /* Build configuration list for PBXNativeTarget "Arcam" */;
			buildPhases = (
				28ED7E10278EE85A00700E9C /* Sources */,
				28ED7E11278EE85A00700E9C /* Frameworks */,
				28ED7E12278EE85A00700E9C /* Resources */,
			);
			buildRules = (
			);
			dependencies = (
			);
			name = Arcam;
			productName = Arcam;
			productReference = 28ED7E14278EE85A00700E9C /* Arcam.app */;
			productType = "com.apple.product-type.application";
		};
/* End PBXNativeTarget section */

/* Begin PBXProject section */
		28ED7E0C278EE85A00700E9C /* Project object */ = {
			isa = PBXProject;
			attributes = {
				BuildIndependentTargetsInParallel = 1;
				LastSwiftUpdateCheck = 1420;
				LastUpgradeCheck = 1420;
				TargetAttributes = {
					2843602229C6FC6C0036517D = {
						CreatedOnToolsVersion = 14.2;
					};
					28ED7E13278EE85A00700E9C = {
						CreatedOnToolsVersion = 13.2.1;
					};
				};
			};
			buildConfigurationList = 28ED7E0F278EE85A00700E9C /* Build configuration list for PBXProject "Arcam" */;
			compatibilityVersion = "Xcode 13.0";
			developmentRegion = en;
			hasScannedForEncodings = 0;
			knownRegions = (
				en,
				Base,
			);
			mainGroup = 28ED7E0B278EE85A00700E9C;
			productRefGroup = 28ED7E15278EE85A00700E9C /* Products */;
			projectDirPath = "";
			projectRoot = "";
			targets = (
				28ED7E13278EE85A00700E9C /* Arcam */,
				2843602229C6FC6C0036517D /* Arcam iOS */,
			);
		};
/* End PBXProject section */

/* Begin PBXResourcesBuildPhase section */
		2843602129C6FC6C0036517D /* Resources */ = {
			isa = PBXResourcesBuildPhase;
			buildActionMask = 2147483647;
			files = (
				2843602D29C6FC6D0036517D /* Preview Assets.xcassets in Resources */,
				2843602A29C6FC6D0036517D /* Assets.xcassets in Resources */,
			);
			runOnlyForDeploymentPostprocessing = 0;
		};
		28ED7E12278EE85A00700E9C /* Resources */ = {
			isa = PBXResourcesBuildPhase;
			buildActionMask = 2147483647;
			files = (
				28ED7E1F278EE85A00700E9C /* Preview Assets.xcassets in Resources */,
				28ED7E1C278EE85A00700E9C /* Assets.xcassets in Resources */,
			);
			runOnlyForDeploymentPostprocessing = 0;
		};
/* End PBXResourcesBuildPhase section */

/* Begin PBXSourcesBuildPhase section */
		2843601F29C6FC6C0036517D /* Sources */ = {
			isa = PBXSourcesBuildPhase;
			buildActionMask = 2147483647;
			files = (
				2843603429C6FC930036517D /* Arcam.swift in Sources */,
				2843602829C6FC6C0036517D /* ContentView.swift in Sources */,
				2843602629C6FC6C0036517D /* Arcam_iOSApp.swift in Sources */,
				2843603629C6FCFE0036517D /* WebSocketController.swift in Sources */,
			);
			runOnlyForDeploymentPostprocessing = 0;
		};
		28ED7E10278EE85A00700E9C /* Sources */ = {
			isa = PBXSourcesBuildPhase;
			buildActionMask = 2147483647;
			files = (
				28A8F432278F41060039A1AD /* WebSocketController.swift in Sources */,
				2863FD772799CC5200A0489A /* RoomEqView.swift in Sources */,
				28ED7E29278EE89600700E9C /* Arcam.swift in Sources */,
				284A4FA2279083A8002D4BA0 /* ConvertHexCodeView.swift in Sources */,
				284BF0E1279081BA0080B6B9 /* MenuCommands.swift in Sources */,
				28ED7E1A278EE85A00700E9C /* ContentView.swift in Sources */,
				28ED7E2B278EFFDF00700E9C /* SettingView.swift in Sources */,
				28ED7E18278EE85A00700E9C /* ArcamApp.swift in Sources */,
			);
			runOnlyForDeploymentPostprocessing = 0;
		};
/* End PBXSourcesBuildPhase section */

/* Begin XCBuildConfiguration section */
		2843602E29C6FC6D0036517D /* Debug */ = {
			isa = XCBuildConfiguration;
			buildSettings = {
				ASSETCATALOG_COMPILER_APPICON_NAME = AppIcon;
				ASSETCATALOG_COMPILER_GLOBAL_ACCENT_COLOR_NAME = AccentColor;
				CLANG_CXX_LANGUAGE_STANDARD = "gnu++20";
				CODE_SIGN_STYLE = Automatic;
				CURRENT_PROJECT_VERSION = 1;
				DEVELOPMENT_ASSET_PATHS = "\"Arcam iOS/Preview Content\"";
				DEVELOPMENT_TEAM = 57KVLPT6VS;
				ENABLE_PREVIEWS = YES;
				GENERATE_INFOPLIST_FILE = YES;
				INFOPLIST_FILE = "Arcam-iOS-Info.plist";
				INFOPLIST_KEY_UIApplicationSupportsIndirectInputEvents = YES;
				INFOPLIST_KEY_UILaunchScreen_Generation = YES;
				INFOPLIST_KEY_UISupportedInterfaceOrientations_iPad = "UIInterfaceOrientationPortrait UIInterfaceOrientationPortraitUpsideDown UIInterfaceOrientationLandscapeLeft UIInterfaceOrientationLandscapeRight";
				INFOPLIST_KEY_UISupportedInterfaceOrientations_iPhone = "UIInterfaceOrientationPortrait UIInterfaceOrientationLandscapeLeft UIInterfaceOrientationLandscapeRight";
				IPHONEOS_DEPLOYMENT_TARGET = 16.2;
				LD_RUNPATH_SEARCH_PATHS = (
					"$(inherited)",
					"@executable_path/Frameworks",
				);
				MARKETING_VERSION = 1.0;
				PRODUCT_BUNDLE_IDENTIFIER = "com.flourmountain.Arcam-iOS";
				PRODUCT_NAME = "$(TARGET_NAME)";
				SDKROOT = iphoneos;
				SWIFT_EMIT_LOC_STRINGS = YES;
				SWIFT_VERSION = 5.0;
				TARGETED_DEVICE_FAMILY = "1,2";
			};
			name = Debug;
		};
		2843602F29C6FC6D0036517D /* Release */ = {
			isa = XCBuildConfiguration;
			buildSettings = {
				ASSETCATALOG_COMPILER_APPICON_NAME = AppIcon;
				ASSETCATALOG_COMPILER_GLOBAL_ACCENT_COLOR_NAME = AccentColor;
				CLANG_CXX_LANGUAGE_STANDARD = "gnu++20";
				CODE_SIGN_STYLE = Automatic;
				CURRENT_PROJECT_VERSION = 1;
				DEVELOPMENT_ASSET_PATHS = "\"Arcam iOS/Preview Content\"";
				DEVELOPMENT_TEAM = 57KVLPT6VS;
				ENABLE_PREVIEWS = YES;
				GENERATE_INFOPLIST_FILE = YES;
				INFOPLIST_FILE = "Arcam-iOS-Info.plist";
				INFOPLIST_KEY_UIApplicationSupportsIndirectInputEvents = YES;
				INFOPLIST_KEY_UILaunchScreen_Generation = YES;
				INFOPLIST_KEY_UISupportedInterfaceOrientations_iPad = "UIInterfaceOrientationPortrait UIInterfaceOrientationPortraitUpsideDown UIInterfaceOrientationLandscapeLeft UIInterfaceOrientationLandscapeRight";
				INFOPLIST_KEY_UISupportedInterfaceOrientations_iPhone = "UIInterfaceOrientationPortrait UIInterfaceOrientationLandscapeLeft UIInterfaceOrientationLandscapeRight";
				IPHONEOS_DEPLOYMENT_TARGET = 16.2;
				LD_RUNPATH_SEARCH_PATHS = (
					"$(inherited)",
					"@executable_path/Frameworks",
				);
				MARKETING_VERSION = 1.0;
				PRODUCT_BUNDLE_IDENTIFIER = "com.flourmountain.Arcam-iOS";
				PRODUCT_NAME = "$(TARGET_NAME)";
				SDKROOT = iphoneos;
				SWIFT_EMIT_LOC_STRINGS = YES;
				SWIFT_VERSION = 5.0;
				TARGETED_DEVICE_FAMILY = "1,2";
				VALIDATE_PRODUCT = YES;
			};
			name = Release;
		};
		28ED7E21278EE85A00700E9C /* Debug */ = {
			isa = XCBuildConfiguration;
			buildSettings = {
				ALWAYS_SEARCH_USER_PATHS = NO;
				CLANG_ANALYZER_NONNULL = YES;
				CLANG_ANALYZER_NUMBER_OBJECT_CONVERSION = YES_AGGRESSIVE;
				CLANG_CXX_LANGUAGE_STANDARD = "gnu++17";
				CLANG_CXX_LIBRARY = "libc++";
				CLANG_ENABLE_MODULES = YES;
				CLANG_ENABLE_OBJC_ARC = YES;
				CLANG_ENABLE_OBJC_WEAK = YES;
				CLANG_WARN_BLOCK_CAPTURE_AUTORELEASING = YES;
				CLANG_WARN_BOOL_CONVERSION = YES;
				CLANG_WARN_COMMA = YES;
				CLANG_WARN_CONSTANT_CONVERSION = YES;
				CLANG_WARN_DEPRECATED_OBJC_IMPLEMENTATIONS = YES;
				CLANG_WARN_DIRECT_OBJC_ISA_USAGE = YES_ERROR;
				CLANG_WARN_DOCUMENTATION_COMMENTS = YES;
				CLANG_WARN_EMPTY_BODY = YES;
				CLANG_WARN_ENUM_CONVERSION = YES;
				CLANG_WARN_INFINITE_RECURSION = YES;
				CLANG_WARN_INT_CONVERSION = YES;
				CLANG_WARN_NON_LITERAL_NULL_CONVERSION = YES;
				CLANG_WARN_OBJC_IMPLICIT_RETAIN_SELF = YES;
				CLANG_WARN_OBJC_LITERAL_CONVERSION = YES;
				CLANG_WARN_OBJC_ROOT_CLASS = YES_ERROR;
				CLANG_WARN_QUOTED_INCLUDE_IN_FRAMEWORK_HEADER = YES;
				CLANG_WARN_RANGE_LOOP_ANALYSIS = YES;
				CLANG_WARN_STRICT_PROTOTYPES = YES;
				CLANG_WARN_SUSPICIOUS_MOVE = YES;
				CLANG_WARN_UNGUARDED_AVAILABILITY = YES_AGGRESSIVE;
				CLANG_WARN_UNREACHABLE_CODE = YES;
				CLANG_WARN__DUPLICATE_METHOD_MATCH = YES;
				COPY_PHASE_STRIP = NO;
				DEAD_CODE_STRIPPING = YES;
				DEBUG_INFORMATION_FORMAT = dwarf;
				ENABLE_STRICT_OBJC_MSGSEND = YES;
				ENABLE_TESTABILITY = YES;
				GCC_C_LANGUAGE_STANDARD = gnu11;
				GCC_DYNAMIC_NO_PIC = NO;
				GCC_NO_COMMON_BLOCKS = YES;
				GCC_OPTIMIZATION_LEVEL = 0;
				GCC_PREPROCESSOR_DEFINITIONS = (
					"DEBUG=1",
					"$(inherited)",
				);
				GCC_WARN_64_TO_32_BIT_CONVERSION = YES;
				GCC_WARN_ABOUT_RETURN_TYPE = YES_ERROR;
				GCC_WARN_UNDECLARED_SELECTOR = YES;
				GCC_WARN_UNINITIALIZED_AUTOS = YES_AGGRESSIVE;
				GCC_WARN_UNUSED_FUNCTION = YES;
				GCC_WARN_UNUSED_VARIABLE = YES;
				MACOSX_DEPLOYMENT_TARGET = 12.1;
				MTL_ENABLE_DEBUG_INFO = INCLUDE_SOURCE;
				MTL_FAST_MATH = YES;
				ONLY_ACTIVE_ARCH = YES;
				SDKROOT = macosx;
				SWIFT_ACTIVE_COMPILATION_CONDITIONS = DEBUG;
				SWIFT_OPTIMIZATION_LEVEL = "-Onone";
			};
			name = Debug;
		};
		28ED7E22278EE85A00700E9C /* Release */ = {
			isa = XCBuildConfiguration;
			buildSettings = {
				ALWAYS_SEARCH_USER_PATHS = NO;
				CLANG_ANALYZER_NONNULL = YES;
				CLANG_ANALYZER_NUMBER_OBJECT_CONVERSION = YES_AGGRESSIVE;
				CLANG_CXX_LANGUAGE_STANDARD = "gnu++17";
				CLANG_CXX_LIBRARY = "libc++";
				CLANG_ENABLE_MODULES = YES;
				CLANG_ENABLE_OBJC_ARC = YES;
				CLANG_ENABLE_OBJC_WEAK = YES;
				CLANG_WARN_BLOCK_CAPTURE_AUTORELEASING = YES;
				CLANG_WARN_BOOL_CONVERSION = YES;
				CLANG_WARN_COMMA = YES;
				CLANG_WARN_CONSTANT_CONVERSION = YES;
				CLANG_WARN_DEPRECATED_OBJC_IMPLEMENTATIONS = YES;
				CLANG_WARN_DIRECT_OBJC_ISA_USAGE = YES_ERROR;
				CLANG_WARN_DOCUMENTATION_COMMENTS = YES;
				CLANG_WARN_EMPTY_BODY = YES;
				CLANG_WARN_ENUM_CONVERSION = YES;
				CLANG_WARN_INFINITE_RECURSION = YES;
				CLANG_WARN_INT_CONVERSION = YES;
				CLANG_WARN_NON_LITERAL_NULL_CONVERSION = YES;
				CLANG_WARN_OBJC_IMPLICIT_RETAIN_SELF = YES;
				CLANG_WARN_OBJC_LITERAL_CONVERSION = YES;
				CLANG_WARN_OBJC_ROOT_CLASS = YES_ERROR;
				CLANG_WARN_QUOTED_INCLUDE_IN_FRAMEWORK_HEADER = YES;
				CLANG_WARN_RANGE_LOOP_ANALYSIS = YES;
				CLANG_WARN_STRICT_PROTOTYPES = YES;
				CLANG_WARN_SUSPICIOUS_MOVE = YES;
				CLANG_WARN_UNGUARDED_AVAILABILITY = YES_AGGRESSIVE;
				CLANG_WARN_UNREACHABLE_CODE = YES;
				CLANG_WARN__DUPLICATE_METHOD_MATCH = YES;
				COPY_PHASE_STRIP = NO;
				DEAD_CODE_STRIPPING = YES;
				DEBUG_INFORMATION_FORMAT = "dwarf-with-dsym";
				ENABLE_NS_ASSERTIONS = NO;
				ENABLE_STRICT_OBJC_MSGSEND = YES;
				GCC_C_LANGUAGE_STANDARD = gnu11;
				GCC_NO_COMMON_BLOCKS = YES;
				GCC_WARN_64_TO_32_BIT_CONVERSION = YES;
				GCC_WARN_ABOUT_RETURN_TYPE = YES_ERROR;
				GCC_WARN_UNDECLARED_SELECTOR = YES;
				GCC_WARN_UNINITIALIZED_AUTOS = YES_AGGRESSIVE;
				GCC_WARN_UNUSED_FUNCTION = YES;
				GCC_WARN_UNUSED_VARIABLE = YES;
				MACOSX_DEPLOYMENT_TARGET = 12.1;
				MTL_ENABLE_DEBUG_INFO = NO;
				MTL_FAST_MATH = YES;
				SDKROOT = macosx;
				SWIFT_COMPILATION_MODE = wholemodule;
				SWIFT_OPTIMIZATION_LEVEL = "-O";
			};
			name = Release;
		};
		28ED7E24278EE85A00700E9C /* Debug */ = {
			isa = XCBuildConfiguration;
			buildSettings = {
				ASSETCATALOG_COMPILER_APPICON_NAME = AppIcon;
				ASSETCATALOG_COMPILER_GLOBAL_ACCENT_COLOR_NAME = AccentColor;
				CODE_SIGN_ENTITLEMENTS = Arcam/Arcam.entitlements;
				CODE_SIGN_IDENTITY = "-";
				CODE_SIGN_STYLE = Automatic;
				COMBINE_HIDPI_IMAGES = YES;
				CURRENT_PROJECT_VERSION = 1;
				DEAD_CODE_STRIPPING = YES;
				DEVELOPMENT_ASSET_PATHS = "\"Arcam/Preview Content\"";
				DEVELOPMENT_TEAM = 57KVLPT6VS;
				ENABLE_HARDENED_RUNTIME = YES;
				ENABLE_PREVIEWS = YES;
				GENERATE_INFOPLIST_FILE = YES;
				INFOPLIST_FILE = Arcam/Info.plist;
				INFOPLIST_KEY_NSHumanReadableCopyright = "";
				LD_RUNPATH_SEARCH_PATHS = (
					"$(inherited)",
					"@executable_path/../Frameworks",
				);
				MARKETING_VERSION = 1.0;
				PRODUCT_BUNDLE_IDENTIFIER = com.flourmountain.Arcam;
				PRODUCT_NAME = "$(TARGET_NAME)";
				SWIFT_EMIT_LOC_STRINGS = YES;
				SWIFT_VERSION = 5.0;
			};
			name = Debug;
		};
		28ED7E25278EE85A00700E9C /* Release */ = {
			isa = XCBuildConfiguration;
			buildSettings = {
				ASSETCATALOG_COMPILER_APPICON_NAME = AppIcon;
				ASSETCATALOG_COMPILER_GLOBAL_ACCENT_COLOR_NAME = AccentColor;
				CODE_SIGN_ENTITLEMENTS = Arcam/Arcam.entitlements;
				CODE_SIGN_IDENTITY = "-";
				CODE_SIGN_STYLE = Automatic;
				COMBINE_HIDPI_IMAGES = YES;
				CURRENT_PROJECT_VERSION = 1;
				DEAD_CODE_STRIPPING = YES;
				DEVELOPMENT_ASSET_PATHS = "\"Arcam/Preview Content\"";
				DEVELOPMENT_TEAM = 57KVLPT6VS;
				ENABLE_HARDENED_RUNTIME = YES;
				ENABLE_PREVIEWS = YES;
				GENERATE_INFOPLIST_FILE = YES;
				INFOPLIST_FILE = Arcam/Info.plist;
				INFOPLIST_KEY_NSHumanReadableCopyright = "";
				LD_RUNPATH_SEARCH_PATHS = (
					"$(inherited)",
					"@executable_path/../Frameworks",
				);
				MARKETING_VERSION = 1.0;
				PRODUCT_BUNDLE_IDENTIFIER = com.flourmountain.Arcam;
				PRODUCT_NAME = "$(TARGET_NAME)";
				SWIFT_EMIT_LOC_STRINGS = YES;
				SWIFT_VERSION = 5.0;
			};
			name = Release;
		};
/* End XCBuildConfiguration section */

/* Begin XCConfigurationList section */
		2843603029C6FC6D0036517D /* Build configuration list for PBXNativeTarget "Arcam iOS" */ = {
			isa = XCConfigurationList;
			buildConfigurations = (
				2843602E29C6FC6D0036517D /* Debug */,
				2843602F29C6FC6D0036517D /* Release */,
			);
			defaultConfigurationIsVisible = 0;
			defaultConfigurationName = Release;
		};
		28ED7E0F278EE85A00700E9C /* Build configuration list for PBXProject "Arcam" */ = {
			isa = XCConfigurationList;
			buildConfigurations = (
				28ED7E21278EE85A00700E9C /* Debug */,
				28ED7E22278EE85A00700E9C /* Release */,
			);
			defaultConfigurationIsVisible = 0;
			defaultConfigurationName = Release;
		};
		28ED7E23278EE85A00700E9C /* Build configuration list for PBXNativeTarget "Arcam" */ = {
			isa = XCConfigurationList;
			buildConfigurations = (
				28ED7E24278EE85A00700E9C /* Debug */,
				28ED7E25278EE85A00700E9C /* Release */,
			);
			defaultConfigurationIsVisible = 0;
			defaultConfigurationName = Release;
		};
/* End XCConfigurationList section */
	};
	rootObject = 28ED7E0C278EE85A00700E9C /* Project object */;
}
